
Microsoft Visual Studio Solution File, Format Version 12.00
# Visual Studio 15
VisualStudioVersion = 15.0.28010.2041
MinimumVisualStudioVersion = 10.0.40219.1
Project("{FAE04EC0-301F-11D3-BF4B-00C04F79EFBC}") = "Basher", "Basher\Basher.csproj", "{CAF871A3-6D58-4E75-BBAB-E8535792E386}"
EndProject
Project("{2150E333-8FDC-42A3-9474-1A3956D46DE8}") = "Solution Items", "Solution Items", "{A19B1862-7BF1-4DBE-AE34-D7BBCC6BF487}"
	ProjectSection(SolutionItems) = preProject
		.gitignore = .gitignore
		README.md = README.md
		Release.json = Release.json
	EndProjectSection
EndProject
Global
	GlobalSection(SolutionConfigurationPlatforms) = preSolution
		Debug|ARM = Debug|ARM
		Debug|x64 = Debug|x64
		Debug|x86 = Debug|x86
		Release|ARM = Release|ARM
		Release|x64 = Release|x64
		Release|x86 = Release|x86
	EndGlobalSection
	GlobalSection(ProjectConfigurationPlatforms) = postSolution
		{CAF871A3-6D58-4E75-BBAB-E8535792E386}.Debug|ARM.ActiveCfg = Debug|ARM
		{CAF871A3-6D58-4E75-BBAB-E8535792E386}.Debug|ARM.Build.0 = Debug|ARM
		{CAF871A3-6D58-4E75-BBAB-E8535792E386}.Debug|ARM.Deploy.0 = Debug|ARM
		{CAF871A3-6D58-4E75-BBAB-E8535792E386}.Debug|x64.ActiveCfg = Debug|x64
		{CAF871A3-6D58-4E75-BBAB-E8535792E386}.Debug|x64.Build.0 = Debug|x64
		{CAF871A3-6D58-4E75-BBAB-E8535792E386}.Debug|x64.Deploy.0 = Debug|x64
		{CAF871A3-6D58-4E75-BBAB-E8535792E386}.Debug|x86.ActiveCfg = Debug|x86
		{CAF871A3-6D58-4E75-BBAB-E8535792E386}.Debug|x86.Build.0 = Debug|x86
		{CAF871A3-6D58-4E75-BBAB-E8535792E386}.Debug|x86.Deploy.0 = Debug|x86
		{CAF871A3-6D58-4E75-BBAB-E8535792E386}.Release|ARM.ActiveCfg = Release|ARM
		{CAF871A3-6D58-4E75-BBAB-E8535792E386}.Release|ARM.Build.0 = Release|ARM
		{CAF871A3-6D58-4E75-BBAB-E8535792E386}.Release|ARM.Deploy.0 = Release|ARM
		{CAF871A3-6D58-4E75-BBAB-E8535792E386}.Release|x64.ActiveCfg = Release|x64
		{CAF871A3-6D58-4E75-BBAB-E8535792E386}.Release|x64.Build.0 = Release|x64
		{CAF871A3-6D58-4E75-BBAB-E8535792E386}.Release|x64.Deploy.0 = Release|x64
		{CAF871A3-6D58-4E75-BBAB-E8535792E386}.Release|x86.ActiveCfg = Release|x86
		{CAF871A3-6D58-4E75-BBAB-E8535792E386}.Release|x86.Build.0 = Release|x86
		{CAF871A3-6D58-4E75-BBAB-E8535792E386}.Release|x86.Deploy.0 = Release|x86
	EndGlobalSection
	GlobalSection(SolutionProperties) = preSolution
		HideSolutionNode = FALSE
	EndGlobalSection
	GlobalSection(ExtensibilityGlobals) = postSolution
		SolutionGuid = {CDCE1679-1F9C-4C3B-905C-0D1C4386EC81}
	EndGlobalSection
EndGlobal
